{
  "format": 1,
  "packages": [
    {
      "commit": "1c4714bad445fe786dd9874943417feddb3461bb",
      "dependencies": {"liboqs": "pb34994bf01670ac3"},
      "id": "p1b5dd8d89e3ab867",
      "name": "Oqs",
      "ref": "master",
      "url": "https://github.com/ziranlang/oqs.git"
    },
    {
      "commit": "e6b9e783747536f34700aab4bd10718c2fecab3f",
      "dependencies": {},
      "id": "pb34994bf01670ac3",
      "name": "liboqs",
      "ref": "main",
      "source": true,
      "url": "https://github.com/open-quantum-safe/liboqs.git"
    }
  ],
  "root": {
    "dependencies": {"oqs": "p1b5dd8d89e3ab867"},
    "name": "DaochiClient"
  },
  "toolchain": {
    "commit": "300cbe8c15ad650f4ed403624ffd7bbb1d24ca33",
    "ref": "master",
    "url": "https://github.com/ziranlang/ziran.git"
  }
}
